# This file is automatically @generated by Cargo.
# It is not intended for manual editing.
version = 3

[[package]]
name = "aead"
version = "0.5.2"
source = "registry+https://github.com/rust-lang/crates.io-index"
checksum = "d122413f284cf2d62fb1b7db97e02edb8cda96d769b16e443a4f6195e35662b0"
dependencies = [
 "crypto-common",
 "generic-array",
 "heapless",
]

[[package]]
name = "aes"
version = "0.8.3"
source = "registry+https://github.com/rust-lang/crates.io-index"
checksum = "ac1f845298e95f983ff1944b728ae08b8cebab80d684f0a832ed0fc74dfa27e2"
dependencies = [
 "cfg-if",
 "cipher",
 "cpufeatures",
]

[[package]]
name = "aho-corasick"
version = "1.0.2"
source = "registry+https://github.com/rust-lang/crates.io-index"
checksum = "43f6cb1bf222025340178f382c426f13757b2960e89779dfcb319c32542a5a41"
dependencies = [
 "memchr",
]

[[package]]
name = "apdu-app"
version = "0.1.0"
source = "registry+https://github.com/rust-lang/crates.io-index"
checksum = "ce391931a2cc4597eaf0d464db9d4d5e1939ccc8dd6eda0f86cda117e914c02d"
dependencies = [
 "iso7816",
]

[[package]]
name = "apdu-dispatch"
version = "0.3.0"
source = "registry+https://github.com/rust-lang/crates.io-index"
checksum = "4063bce5a221fcef21017ead889f26468dbee476649d6a2181b0931197082904"
dependencies = [
 "apdu-app",
 "delog",
 "heapless",
 "interchange",
 "iso7816",
]

[[package]]
name = "atomic-polyfill"
version = "0.1.11"
source = "registry+https://github.com/rust-lang/crates.io-index"
checksum = "e3ff7eb3f316534d83a8a2c3d1674ace8a5a71198eba31e2e2b597833f699b28"
dependencies = [
 "critical-section",
]

[[package]]
name = "atty"
version = "0.2.14"
source = "registry+https://github.com/rust-lang/crates.io-index"
checksum = "d9b39be18770d11421cdb1b9947a45dd3f37e93092cbf377614828a319d5fee8"
dependencies = [
 "hermit-abi",
 "libc",
 "winapi",
]

[[package]]
name = "autocfg"
version = "1.1.0"
source = "registry+https://github.com/rust-lang/crates.io-index"
checksum = "d468802bab17cbc0cc575e9b053f41e72aa36bfa6b7f55e3529ffa43161b97fa"

[[package]]
name = "bindgen"
version = "0.70.1"
source = "registry+https://github.com/rust-lang/crates.io-index"
checksum = "f49d8fed880d473ea71efb9bf597651e77201bdd4893efe54c9e5d65ae04ce6f"
dependencies = [
 "bitflags 2.6.0",
 "cexpr",
 "clang-sys",
 "itertools",
 "proc-macro2",
 "quote",
 "regex",
 "rustc-hash",
 "shlex",
 "syn 2.0.18",
]

[[package]]
name = "bitflags"
version = "1.3.2"
source = "registry+https://github.com/rust-lang/crates.io-index"
checksum = "bef38d45163c2f1dde094a7dfd33ccf595c92905c8f8f4fdc18d06fb1037718a"

[[package]]
name = "bitflags"
version = "2.6.0"
source = "registry+https://github.com/rust-lang/crates.io-index"
checksum = "b048fb63fd8b5923fc5aa7b340d8e156aec7ec02f0c78fa8a6ddc2613f6f71de"

[[package]]
name = "block-buffer"
version = "0.9.0"
source = "registry+https://github.com/rust-lang/crates.io-index"
checksum = "4152116fd6e9dadb291ae18fc1ec3575ed6d84c29642d97890f4b4a3417297e4"
dependencies = [
 "generic-array",
]

[[package]]
name = "block-buffer"
version = "0.10.4"
source = "registry+https://github.com/rust-lang/crates.io-index"
checksum = "3078c7629b62d3f0439517fa394996acacc5cbc91c5a20d8c658e77abd503a71"
dependencies = [
 "generic-array",
]

[[package]]
name = "block-padding"
version = "0.3.3"
source = "registry+https://github.com/rust-lang/crates.io-index"
checksum = "a8894febbff9f758034a5b8e12d87918f56dfc64a8e1fe757d65e29041538d93"
dependencies = [
 "generic-array",
]

[[package]]
name = "byteorder"
version = "1.4.3"
source = "registry+https://github.com/rust-lang/crates.io-index"
checksum = "14c189c53d098945499cdfa7ecc63567cf3886b3332b312a5b4585d8d3a6a610"

[[package]]
name = "cbc"
version = "0.1.2"
source = "registry+https://github.com/rust-lang/crates.io-index"
checksum = "26b52a9543ae338f279b96b0b9fed9c8093744685043739079ce85cd58f289a6"
dependencies = [
 "cipher",
]

[[package]]
name = "cbor-smol"
version = "0.5.0"
source = "registry+https://github.com/rust-lang/crates.io-index"
checksum = "1e087b31faa4ad4ba21c9bd0209204eef424dae6424195aafc7242006b69fc8d"
dependencies = [
 "delog",
 "heapless",
 "heapless-bytes",
 "serde",
]

[[package]]
name = "cc"
version = "1.0.79"
source = "registry+https://github.com/rust-lang/crates.io-index"
checksum = "50d30906286121d95be3d479533b458f87493b30a4b5f79a607db8f5d11aa91f"

[[package]]
name = "cexpr"
version = "0.6.0"
source = "registry+https://github.com/rust-lang/crates.io-index"
checksum = "6fac387a98bb7c37292057cffc56d62ecb629900026402633ae9160df93a8766"
dependencies = [
 "nom",
]

[[package]]
name = "cfg-if"
version = "1.0.0"
source = "registry+https://github.com/rust-lang/crates.io-index"
checksum = "baf1de4339761588bc0619e3cbc0120ee582ebb74b53b4efbf79117bd2da40fd"

[[package]]
name = "chacha20"
version = "0.9.1"
source = "registry+https://github.com/rust-lang/crates.io-index"
checksum = "c3613f74bd2eac03dad61bd53dbe620703d4371614fe0bc3b9f04dd36fe4e818"
dependencies = [
 "cfg-if",
 "cipher",
 "cpufeatures",
]

[[package]]
name = "chacha20poly1305"
version = "0.10.1"
source = "registry+https://github.com/rust-lang/crates.io-index"
checksum = "10cd79432192d1c0f4e1a0fef9527696cc039165d729fb41b3f4f4f354c2dc35"
dependencies = [
 "aead",
 "chacha20",
 "cipher",
 "poly1305",
 "zeroize",
]

[[package]]
name = "cipher"
version = "0.4.4"
source = "registry+https://github.com/rust-lang/crates.io-index"
checksum = "773f3b9af64447d2ce9850330c473515014aa235e6a783b02db81ff39e4a3dad"
dependencies = [
 "crypto-common",
 "inout",
 "zeroize",
]

[[package]]
name = "clang-sys"
version = "1.6.1"
source = "registry+https://github.com/rust-lang/crates.io-index"
checksum = "c688fc74432808e3eb684cae8830a86be1d66a2bd58e1f248ed0960a590baf6f"
dependencies = [
 "glob",
 "libc",
 "libloading",
]

[[package]]
name = "clap"
version = "3.2.25"
source = "registry+https://github.com/rust-lang/crates.io-index"
checksum = "4ea181bf566f71cb9a5d17a59e1871af638180a18fb0035c92ae62b705207123"
dependencies = [
 "atty",
 "bitflags 1.3.2",
 "clap_derive",
 "clap_lex",
 "indexmap",
 "once_cell",
 "strsim",
 "termcolor",
 "textwrap",
]

[[package]]
name = "clap-num"
version = "1.0.2"
source = "registry+https://github.com/rust-lang/crates.io-index"
checksum = "488557e97528174edaa2ee268b23a809e0c598213a4bbcb4f34575a46fda147e"
dependencies = [
 "num-traits",
]

[[package]]
name = "clap_derive"
version = "3.2.25"
source = "registry+https://github.com/rust-lang/crates.io-index"
checksum = "ae6371b8bdc8b7d3959e9cf7b22d4435ef3e79e138688421ec654acf8c81b008"
dependencies = [
 "heck",
 "proc-macro-error",
 "proc-macro2",
 "quote",
 "syn 1.0.109",
]

[[package]]
name = "clap_lex"
version = "0.2.4"
source = "registry+https://github.com/rust-lang/crates.io-index"
checksum = "2850f2f5a82cbf437dd5af4d49848fbdfc27c157c3d010345776f952765261c5"
dependencies = [
 "os_str_bytes",
]

[[package]]
name = "cosey"
version = "0.3.0"
source = "registry+https://github.com/rust-lang/crates.io-index"
checksum = "bb743c2c58b69b970e02f5ba7f552f75fcfc8393768e3ae4316e055aabacfdaa"
dependencies = [
 "heapless-bytes",
 "serde",
 "serde_repr",
]

[[package]]
name = "cpufeatures"
version = "0.2.8"
source = "registry+https://github.com/rust-lang/crates.io-index"
checksum = "03e69e28e9f7f77debdedbaafa2866e1de9ba56df55a8bd7cfc724c25a09987c"
dependencies = [
 "libc",
]

[[package]]
name = "critical-section"
version = "1.1.1"
source = "registry+https://github.com/rust-lang/crates.io-index"
checksum = "6548a0ad5d2549e111e1f6a11a6c2e2d00ce6a3dafe22948d67c2b443f775e52"

[[package]]
name = "crypto-bigint"
version = "0.2.5"
source = "registry+https://github.com/rust-lang/crates.io-index"
checksum = "8658c15c5d921ddf980f7fe25b1e82f4b7a4083b2c4985fea4922edb8e43e07d"
dependencies = [
 "generic-array",
 "rand_core",
 "subtle",
 "zeroize",
]

[[package]]
name = "crypto-common"
version = "0.1.6"
source = "registry+https://github.com/rust-lang/crates.io-index"
checksum = "1bfb12502f3fc46cca1bb51ac28df9d618d813cdc3d2f25b9fe775a34af26bb3"
dependencies = [
 "generic-array",
 "typenum",
]

[[package]]
name = "crypto-mac"
version = "0.11.0"
source = "registry+https://github.com/rust-lang/crates.io-index"
checksum = "25fab6889090c8133f3deb8f73ba3c65a7f456f66436fc012a1b1e272b1e103e"
dependencies = [
 "generic-array",
 "subtle",
]

[[package]]
name = "ctaphid-app"
version = "0.1.0"
source = "registry+https://github.com/rust-lang/crates.io-index"
checksum = "1fe93489fe96c998488d0843dffea35c02ed9add2585e55228e1d45988727ecc"
dependencies = [
 "heapless-bytes",
 "trussed-core",
]

[[package]]
name = "ctaphid-dispatch"
version = "0.2.0"
source = "registry+https://github.com/rust-lang/crates.io-index"
checksum = "27caf0a07de6b0af58ba69562c1834ddf7aa27bc1d1687fed3b18fea1501e59e"
dependencies = [
 "ctaphid-app",
 "delog",
 "heapless-bytes",
 "interchange",
 "ref-swap",
 "trussed-core",
]

[[package]]
name = "cty"
version = "0.2.2"
source = "registry+https://github.com/rust-lang/crates.io-index"
checksum = "b365fabc795046672053e29c954733ec3b05e4be654ab130fe8f1f94d7051f35"

[[package]]
name = "delog"
version = "0.1.6"
source = "registry+https://github.com/rust-lang/crates.io-index"
checksum = "4cd67f90cc14e0a91cf693141453cccf2b74db9d59c40f6be18b79169fe77dfd"
dependencies = [
 "log",
]

[[package]]
name = "der"
version = "0.4.5"
source = "registry+https://github.com/rust-lang/crates.io-index"
checksum = "79b71cca7d95d7681a4b3b9cdf63c8dbc3730d0584c2c74e31416d64a90493f4"
dependencies = [
 "crypto-bigint",
 "der_derive",
]

[[package]]
name = "der_derive"
version = "0.4.1"
source = "registry+https://github.com/rust-lang/crates.io-index"
checksum = "8aed3b3c608dc56cf36c45fe979d04eda51242e6703d8d0bb03426ef7c41db6a"
dependencies = [
 "proc-macro2",
 "quote",
 "syn 1.0.109",
 "synstructure",
]

[[package]]
name = "des"
version = "0.8.1"
source = "registry+https://github.com/rust-lang/crates.io-index"
checksum = "ffdd80ce8ce993de27e9f063a444a4d53ce8e8db4c1f00cc03af5ad5a9867a1e"
dependencies = [
 "cipher",
]

[[package]]
name = "digest"
version = "0.9.0"
source = "registry+https://github.com/rust-lang/crates.io-index"
checksum = "d3dd60d1080a57a05ab032377049e0591415d2b31afd7028356dbf3cc6dcb066"
dependencies = [
 "generic-array",
]

[[package]]
name = "digest"
version = "0.10.7"
source = "registry+https://github.com/rust-lang/crates.io-index"
checksum = "9ed9a281f7bc9b7576e61468ba615a66a5c8cfdff42420a70aa82701a3b1e292"
dependencies = [
 "block-buffer 0.10.4",
 "crypto-common",
 "subtle",
]

[[package]]
name = "ecdsa"
version = "0.12.4"
source = "registry+https://github.com/rust-lang/crates.io-index"
checksum = "43ee23aa5b4f68c7a092b5c3beb25f50c406adc75e2363634f242f28ab255372"
dependencies = [
 "der",
 "elliptic-curve",
 "hmac 0.11.0",
 "signature 1.3.2",
]

[[package]]
name = "ed25519"
version = "2.2.3"
source = "registry+https://github.com/rust-lang/crates.io-index"
checksum = "115531babc129696a58c64a4fef0a8bf9e9698629fb97e9e40767d235cfbcd53"
dependencies = [
 "signature 2.2.0",
]

[[package]]
name = "either"
version = "1.13.0"
source = "registry+https://github.com/rust-lang/crates.io-index"
checksum = "60b1af1c220855b6ceac025d3f6ecdd2b7c4894bfe9cd9bda4fbb4bc7c0d4cf0"

[[package]]
name = "elliptic-curve"
version = "0.10.4"
source = "registry+https://github.com/rust-lang/crates.io-index"
checksum = "83e5c176479da93a0983f0a6fdc3c1b8e7d5be0d7fe3fe05a99f15b96582b9a8"
dependencies = [
 "crypto-bigint",
 "ff",
 "generic-array",
 "group",
 "rand_core",
 "subtle",
 "zeroize",
]

[[package]]
name = "embedded-time"
version = "0.12.1"
source = "registry+https://github.com/rust-lang/crates.io-index"
checksum = "d7a4b4d10ac48d08bfe3db7688c402baadb244721f30a77ce360bd24c3dffe58"
dependencies = [
 "num",
]

[[package]]
name = "env_logger"
version = "0.7.1"
source = "registry+https://github.com/rust-lang/crates.io-index"
checksum = "44533bbbb3bb3c1fa17d9f2e4e38bbbaf8396ba82193c4cb1b6445d711445d36"
dependencies = [
 "atty",
 "humantime",
 "log",
 "regex",
 "termcolor",
]

[[package]]
name = "ff"
version = "0.10.1"
source = "registry+https://github.com/rust-lang/crates.io-index"
checksum = "d0f40b2dcd8bc322217a5f6559ae5f9e9d1de202a2ecee2e9eafcbece7562a4f"
dependencies = [
 "rand_core",
 "subtle",
]

[[package]]
name = "flexiber"
version = "0.1.0"
source = "registry+https://github.com/rust-lang/crates.io-index"
checksum = "e3df5b1466eec7b03f5848d8388b99975a0ba1a26510db61ba87c2a6177938e5"
dependencies = [
 "delog",
 "flexiber_derive",
 "heapless",
]

[[package]]
name = "flexiber_derive"
version = "0.1.0"
source = "registry+https://github.com/rust-lang/crates.io-index"
checksum = "500c147f43e74e711720769dd7f37bc90dc6e0798621bfe5e3acb8239fd2f826"
dependencies = [
 "proc-macro2",
 "quote",
 "syn 1.0.109",
 "synstructure",
]

[[package]]
name = "generator"
version = "0.7.4"
source = "registry+https://github.com/rust-lang/crates.io-index"
checksum = "f3e123d9ae7c02966b4d892e550bdc32164f05853cd40ab570650ad600596a8a"
dependencies = [
 "cc",
 "libc",
 "log",
 "rustversion",
 "windows",
]

[[package]]
name = "generic-array"
version = "0.14.7"
source = "registry+https://github.com/rust-lang/crates.io-index"
checksum = "85649ca51fd72272d7821adaf274ad91c288277713d9c18820d8499a7ff69e9a"
dependencies = [
 "typenum",
 "version_check",
]

[[package]]
name = "getrandom"
version = "0.2.10"
source = "registry+https://github.com/rust-lang/crates.io-index"
checksum = "be4136b2a15dd319360be1c07d9933517ccf0be8f16bf62a3bee4f0d618df427"
dependencies = [
 "cfg-if",
 "libc",
 "wasi",
]

[[package]]
name = "glob"
version = "0.3.1"
source = "registry+https://github.com/rust-lang/crates.io-index"
checksum = "d2fabcfbdc87f4758337ca535fb41a6d701b65693ce38287d856d1674551ec9b"

[[package]]
name = "group"
version = "0.10.0"
source = "registry+https://github.com/rust-lang/crates.io-index"
checksum = "1c363a5301b8f153d80747126a04b3c82073b9fe3130571a9d170cacdeaf7912"
dependencies = [
 "ff",
 "rand_core",
 "subtle",
]

[[package]]
name = "hash32"
version = "0.2.1"
source = "registry+https://github.com/rust-lang/crates.io-index"
checksum = "b0c35f58762feb77d74ebe43bdbc3210f09be9fe6742234d573bacc26ed92b67"
dependencies = [
 "byteorder",
]

[[package]]
name = "hashbrown"
version = "0.12.3"
source = "registry+https://github.com/rust-lang/crates.io-index"
checksum = "8a9ee70c43aaf417c914396645a0fa852624801b24ebb7ae78fe8272889ac888"

[[package]]
name = "heapless"
version = "0.7.16"
source = "registry+https://github.com/rust-lang/crates.io-index"
checksum = "db04bc24a18b9ea980628ecf00e6c0264f3c1426dac36c00cb49b6fbad8b0743"
dependencies = [
 "atomic-polyfill",
 "hash32",
 "rustc_version",
 "serde",
 "spin",
 "stable_deref_trait",
]

[[package]]
name = "heapless-bytes"
version = "0.3.0"
source = "registry+https://github.com/rust-lang/crates.io-index"
checksum = "7285eba272c6af3e9f15fb9e1c1b6e7d35aa70580ffe0d47af017e97dfb6f48b"
dependencies = [
 "heapless",
 "serde",
 "typenum",
]

[[package]]
name = "heck"
version = "0.4.1"
source = "registry+https://github.com/rust-lang/crates.io-index"
checksum = "95505c38b4572b2d910cecb0281560f54b440a19336cbbcb27bf6ce6adc6f5a8"

[[package]]
name = "hermit-abi"
version = "0.1.19"
source = "registry+https://github.com/rust-lang/crates.io-index"
checksum = "62b467343b94ba476dcb2500d242dadbb39557df889310ac77c5d99100aaac33"
dependencies = [
 "libc",
]

[[package]]
name = "hex-literal"
version = "0.4.1"
source = "registry+https://github.com/rust-lang/crates.io-index"
checksum = "6fe2267d4ed49bc07b63801559be28c718ea06c4738b7a03c94df7386d2cde46"

[[package]]
name = "hmac"
version = "0.11.0"
source = "registry+https://github.com/rust-lang/crates.io-index"
checksum = "2a2a2320eb7ec0ebe8da8f744d7812d9fc4cb4d09344ac01898dbcb6a20ae69b"
dependencies = [
 "crypto-mac",
 "digest 0.9.0",
]

[[package]]
name = "hmac"
version = "0.12.1"
source = "registry+https://github.com/rust-lang/crates.io-index"
checksum = "6c49c37c09c17a53d937dfbb742eb3a961d65a994e6bcdcf37e7399d0cc8ab5e"
dependencies = [
 "digest 0.10.7",
]

[[package]]
name = "humantime"
version = "1.3.0"
source = "registry+https://github.com/rust-lang/crates.io-index"
checksum = "df004cfca50ef23c36850aaaa59ad52cc70d0e90243c3c7737a4dd32dc7a3c4f"
dependencies = [
 "quick-error",
]

[[package]]
name = "indexmap"
version = "1.9.3"
source = "registry+https://github.com/rust-lang/crates.io-index"
checksum = "bd070e393353796e801d209ad339e89596eb4c8d430d18ede6a1cced8fafbd99"
dependencies = [
 "autocfg",
 "hashbrown",
]

[[package]]
name = "inout"
version = "0.1.3"
source = "registry+https://github.com/rust-lang/crates.io-index"
checksum = "a0c10553d664a4d0bcff9f4215d0aac67a639cc68ef660840afe309b807bc9f5"
dependencies = [
 "block-padding",
 "generic-array",
]

[[package]]
name = "interchange"
version = "0.3.0"
source = "registry+https://github.com/rust-lang/crates.io-index"
checksum = "92cfaa4be499da454ab279e04dee4837e71b3803eced4bd2b4cdec4bb3377b4f"
dependencies = [
 "loom",
]

[[package]]
name = "iso7816"
version = "0.1.3"
source = "registry+https://github.com/rust-lang/crates.io-index"
checksum = "c75f5d3f2d959c5d37b382ed9b5a32d0a0e6112ab6ac9eb8fce82359db6f2367"
dependencies = [
 "delog",
 "heapless",
]

[[package]]
name = "itertools"
version = "0.12.1"
source = "registry+https://github.com/rust-lang/crates.io-index"
checksum = "ba291022dbbd398a455acf126c1e341954079855bc60dfdda641363bd6922569"
dependencies = [
 "either",
]

[[package]]
name = "lazy_static"
version = "1.4.0"
source = "registry+https://github.com/rust-lang/crates.io-index"
checksum = "e2abad23fbc42b3700f2f279844dc832adb2b2eb069b2df918f455c4e18cc646"

[[package]]
name = "libc"
version = "0.2.146"
source = "registry+https://github.com/rust-lang/crates.io-index"
checksum = "f92be4933c13fd498862a9e02a3055f8a8d9c039ce33db97306fd5a6caa7f29b"

[[package]]
name = "libloading"
version = "0.7.4"
source = "registry+https://github.com/rust-lang/crates.io-index"
checksum = "b67380fd3b2fbe7527a606e18729d21c6f3951633d0500574c4dc22d2d638b9f"
dependencies = [
 "cfg-if",
 "winapi",
]

[[package]]
name = "littlefs2"
version = "0.6.1"
source = "registry+https://github.com/rust-lang/crates.io-index"
checksum = "32a43f3c0c6a7d127e3e1241665dd896d8bf1ca31cf9d826a1dc65239bd59868"
dependencies = [
 "delog",
 "generic-array",
 "heapless",
 "littlefs2-core",
 "littlefs2-sys",
]

[[package]]
name = "littlefs2-core"
version = "0.1.1"
source = "registry+https://github.com/rust-lang/crates.io-index"
checksum = "9a81a4745d38b288b7583fe8ea3736897628df81f4d0f1d0314fa5a3af570de4"
dependencies = [
 "bitflags 2.6.0",
 "heapless-bytes",
 "serde",
]

[[package]]
name = "littlefs2-sys"
version = "0.3.1"
source = "registry+https://github.com/rust-lang/crates.io-index"
checksum = "32f7d54a8325846d818335f6e0a3ce4d4ff1d6a5cea7be989a76913dcb73afdc"
dependencies = [
 "bindgen",
 "cc",
]

[[package]]
name = "lock_api"
version = "0.4.10"
source = "registry+https://github.com/rust-lang/crates.io-index"
checksum = "c1cc9717a20b1bb222f333e6a92fd32f7d8a18ddc5a3191a11af45dcbf4dcd16"
dependencies = [
 "autocfg",
 "scopeguard",
]

[[package]]
name = "log"
version = "0.4.19"
source = "registry+https://github.com/rust-lang/crates.io-index"
checksum = "b06a4cde4c0f271a446782e3eff8de789548ce57dbc8eca9292c27f4a42004b4"

[[package]]
name = "loom"
version = "0.5.6"
source = "registry+https://github.com/rust-lang/crates.io-index"
checksum = "ff50ecb28bb86013e935fb6683ab1f6d3a20016f123c76fd4c27470076ac30f5"
dependencies = [
 "cfg-if",
 "generator",
 "scoped-tls",
 "tracing",
 "tracing-subscriber",
]

[[package]]
name = "matchers"
version = "0.1.0"
source = "registry+https://github.com/rust-lang/crates.io-index"
checksum = "8263075bb86c5a1b1427b5ae862e8889656f126e9f77c484496e8b47cf5c5558"
dependencies = [
 "regex-automata",
]

[[package]]
name = "memchr"
version = "2.5.0"
source = "registry+https://github.com/rust-lang/crates.io-index"
checksum = "2dffe52ecf27772e601905b7522cb4ef790d2cc203488bbd0e2fe85fcb74566d"

[[package]]
name = "minimal-lexical"
version = "0.2.1"
source = "registry+https://github.com/rust-lang/crates.io-index"
checksum = "68354c5c6bd36d73ff3feceb05efa59b6acb7626617f4962be322a825e61f79a"

[[package]]
name = "nb"
version = "1.1.0"
source = "registry+https://github.com/rust-lang/crates.io-index"
checksum = "8d5439c4ad607c3c23abf66de8c8bf57ba8adcd1f129e699851a6e43935d339d"

[[package]]
name = "nom"
version = "7.1.3"
source = "registry+https://github.com/rust-lang/crates.io-index"
checksum = "d273983c5a657a70a3e8f2a01329822f3b8c8172b73826411a55751e404a0a4a"
dependencies = [
 "memchr",
 "minimal-lexical",
]

[[package]]
name = "nu-ansi-term"
version = "0.46.0"
source = "registry+https://github.com/rust-lang/crates.io-index"
checksum = "77a8165726e8236064dbb45459242600304b42a5ea24ee2948e18e023bf7ba84"
dependencies = [
 "overload",
 "winapi",
]

[[package]]
name = "num"
version = "0.3.1"
source = "registry+https://github.com/rust-lang/crates.io-index"
checksum = "8b7a8e9be5e039e2ff869df49155f1c06bd01ade2117ec783e56ab0932b67a8f"
dependencies = [
 "num-complex",
 "num-integer",
 "num-iter",
 "num-rational",
 "num-traits",
]

[[package]]
name = "num-complex"
version = "0.3.1"
source = "registry+https://github.com/rust-lang/crates.io-index"
checksum = "747d632c0c558b87dbabbe6a82f3b4ae03720d0646ac5b7b4dae89394be5f2c5"
dependencies = [
 "num-traits",
]

[[package]]
name = "num-integer"
version = "0.1.45"
source = "registry+https://github.com/rust-lang/crates.io-index"
checksum = "225d3389fb3509a24c93f5c29eb6bde2586b98d9f016636dff58d7c6f7569cd9"
dependencies = [
 "autocfg",
 "num-traits",
]

[[package]]
name = "num-iter"
version = "0.1.43"
source = "registry+https://github.com/rust-lang/crates.io-index"
checksum = "7d03e6c028c5dc5cac6e2dec0efda81fc887605bb3d884578bb6d6bf7514e252"
dependencies = [
 "autocfg",
 "num-integer",
 "num-traits",
]

[[package]]
name = "num-rational"
version = "0.3.2"
source = "registry+https://github.com/rust-lang/crates.io-index"
checksum = "12ac428b1cb17fce6f731001d307d351ec70a6d202fc2e60f7d4c5e42d8f4f07"
dependencies = [
 "autocfg",
 "num-integer",
 "num-traits",
]

[[package]]
name = "num-traits"
version = "0.2.15"
source = "registry+https://github.com/rust-lang/crates.io-index"
checksum = "578ede34cf02f8924ab9447f50c28075b4d3e5b269972345e7e0372b38c6cdcd"
dependencies = [
 "autocfg",
]

[[package]]
name = "once_cell"
version = "1.18.0"
source = "registry+https://github.com/rust-lang/crates.io-index"
checksum = "dd8b5dd2ae5ed71462c540258bedcb51965123ad7e7ccf4b9a8cafaa4a63576d"

[[package]]
name = "opaque-debug"
version = "0.3.0"
source = "registry+https://github.com/rust-lang/crates.io-index"
checksum = "624a8340c38c1b80fd549087862da4ba43e08858af025b236e509b6649fc13d5"

[[package]]
name = "os_str_bytes"
version = "6.5.1"
source = "registry+https://github.com/rust-lang/crates.io-index"
checksum = "4d5d9eb14b174ee9aa2ef96dc2b94637a2d4b6e7cb873c7e171f0c20c6cf3eac"

[[package]]
name = "overload"
version = "0.1.1"
source = "registry+https://github.com/rust-lang/crates.io-index"
checksum = "b15813163c1d831bf4a13c3610c05c0d03b39feb07f7e09fa234dac9b15aaf39"

[[package]]
name = "p256"
version = "0.9.0"
source = "registry+https://github.com/rust-lang/crates.io-index"
checksum = "d053368e1bae4c8a672953397bd1bd7183dde1c72b0b7612a15719173148d186"
dependencies = [
 "ecdsa",
 "elliptic-curve",
 "sha2 0.9.9",
]

[[package]]
name = "p256-cortex-m4"
version = "0.1.0-alpha.6"
source = "registry+https://github.com/rust-lang/crates.io-index"
checksum = "647353e42d97cbbc7018cb27c0258a7f5ec1db69a0ac336bd954f468a66af38a"
dependencies = [
 "der",
 "ecdsa",
 "elliptic-curve",
 "p256",
 "p256-cortex-m4-sys",
 "rand_core",
 "sha2 0.9.9",
 "zeroize",
]

[[package]]
name = "p256-cortex-m4-sys"
version = "0.1.0"
source = "registry+https://github.com/rust-lang/crates.io-index"
checksum = "54a73da4b90c4bb139ff5cca5526f796451cfeea58f5915bc739df36803977de"
dependencies = [
 "cc",
 "cty",
]

[[package]]
name = "pin-project-lite"
version = "0.2.9"
source = "registry+https://github.com/rust-lang/crates.io-index"
checksum = "e0a7ae3ac2f1173085d398531c705756c94a4c56843785df85a60c1a0afac116"

[[package]]
name = "poly1305"
version = "0.8.0"
source = "registry+https://github.com/rust-lang/crates.io-index"
checksum = "8159bd90725d2df49889a078b54f4f79e87f1f8a8444194cdca81d38f5393abf"
dependencies = [
 "cpufeatures",
 "opaque-debug",
 "universal-hash",
]

[[package]]
name = "postcard"
version = "0.7.3"
source = "registry+https://github.com/rust-lang/crates.io-index"
checksum = "a25c0b0ae06fcffe600ad392aabfa535696c8973f2253d9ac83171924c58a858"
dependencies = [
 "heapless",
 "postcard-cobs",
 "serde",
]

[[package]]
name = "postcard-cobs"
version = "0.1.5-pre"
source = "registry+https://github.com/rust-lang/crates.io-index"
checksum = "7c68cb38ed13fd7bc9dd5db8f165b7c8d9c1a315104083a2b10f11354c2af97f"

[[package]]
name = "ppv-lite86"
version = "0.2.17"
source = "registry+https://github.com/rust-lang/crates.io-index"
checksum = "5b40af805b3121feab8a3c29f04d8ad262fa8e0561883e7653e024ae4479e6de"

[[package]]
name = "pretty_env_logger"
version = "0.4.0"
source = "registry+https://github.com/rust-lang/crates.io-index"
checksum = "926d36b9553851b8b0005f1275891b392ee4d2d833852c417ed025477350fb9d"
dependencies = [
 "env_logger",
 "log",
]

[[package]]
name = "proc-macro-error"
version = "1.0.4"
source = "registry+https://github.com/rust-lang/crates.io-index"
checksum = "da25490ff9892aab3fcf7c36f08cfb902dd3e71ca0f9f9517bea02a73a5ce38c"
dependencies = [
 "proc-macro-error-attr",
 "proc-macro2",
 "quote",
 "syn 1.0.109",
 "version_check",
]

[[package]]
name = "proc-macro-error-attr"
version = "1.0.4"
source = "registry+https://github.com/rust-lang/crates.io-index"
checksum = "a1be40180e52ecc98ad80b184934baf3d0d29f979574e439af5a55274b35f869"
dependencies = [
 "proc-macro2",
 "quote",
 "version_check",
]

[[package]]
name = "proc-macro2"
version = "1.0.60"
source = "registry+https://github.com/rust-lang/crates.io-index"
checksum = "dec2b086b7a862cf4de201096214fa870344cf922b2b30c167badb3af3195406"
dependencies = [
 "unicode-ident",
]

[[package]]
name = "quick-error"
version = "1.2.3"
source = "registry+https://github.com/rust-lang/crates.io-index"
checksum = "a1d01941d82fa2ab50be1e79e6714289dd7cde78eba4c074bc5a4374f650dfe0"

[[package]]
name = "quote"
version = "1.0.28"
source = "registry+https://github.com/rust-lang/crates.io-index"
checksum = "1b9ab9c7eadfd8df19006f1cf1a4aed13540ed5cbc047010ece5826e10825488"
dependencies = [
 "proc-macro2",
]

[[package]]
name = "rand_chacha"
version = "0.3.1"
source = "registry+https://github.com/rust-lang/crates.io-index"
checksum = "e6c10a63a0fa32252be49d21e7709d4d4baf8d231c2dbce1eaa8141b9b127d88"
dependencies = [
 "ppv-lite86",
 "rand_core",
]

[[package]]
name = "rand_core"
version = "0.6.4"
source = "registry+https://github.com/rust-lang/crates.io-index"
checksum = "ec0be4795e2f6a28069bec0b5ff3e2ac9bafc99e6a9a7dc3547996c5c816922c"
dependencies = [
 "getrandom",
]

[[package]]
name = "ref-swap"
version = "0.1.2"
source = "registry+https://github.com/rust-lang/crates.io-index"
checksum = "09c30c54dffee5b40af088d5d50aa3455c91a0127164b51f0215efc4cb28fb3c"

[[package]]
name = "regex"
version = "1.8.4"
source = "registry+https://github.com/rust-lang/crates.io-index"
checksum = "d0ab3ca65655bb1e41f2a8c8cd662eb4fb035e67c3f78da1d61dffe89d07300f"
dependencies = [
 "aho-corasick",
 "memchr",
 "regex-syntax 0.7.2",
]

[[package]]
name = "regex-automata"
version = "0.1.10"
source = "registry+https://github.com/rust-lang/crates.io-index"
checksum = "6c230d73fb8d8c1b9c0b3135c5142a8acee3a0558fb8db5cf1cb65f8d7862132"
dependencies = [
 "regex-syntax 0.6.29",
]

[[package]]
name = "regex-syntax"
version = "0.6.29"
source = "registry+https://github.com/rust-lang/crates.io-index"
checksum = "f162c6dd7b008981e4d40210aca20b4bd0f9b60ca9271061b07f78537722f2e1"

[[package]]
name = "regex-syntax"
version = "0.7.2"
source = "registry+https://github.com/rust-lang/crates.io-index"
checksum = "436b050e76ed2903236f032a59761c1eb99e1b0aead2c257922771dab1fc8c78"

[[package]]
name = "rustc-hash"
version = "1.1.0"
source = "registry+https://github.com/rust-lang/crates.io-index"
checksum = "08d43f7aa6b08d49f382cde6a7982047c3426db949b1424bc4b7ec9ae12c6ce2"

[[package]]
name = "rustc_version"
version = "0.4.0"
source = "registry+https://github.com/rust-lang/crates.io-index"
checksum = "bfa0f585226d2e68097d4f95d113b15b83a82e819ab25717ec0590d9584ef366"
dependencies = [
 "semver",
]

[[package]]
name = "rustversion"
version = "1.0.12"
source = "registry+https://github.com/rust-lang/crates.io-index"
checksum = "4f3208ce4d8448b3f3e7d168a73f5e0c43a61e32930de3bceeccedb388b6bf06"

[[package]]
name = "salty"
version = "0.3.0"
source = "registry+https://github.com/rust-lang/crates.io-index"
checksum = "b947325a585e90733e0e9ec097228f40b637cc346f9bd68f84d5c6297d0fcfef"
dependencies = [
 "cosey",
 "ed25519",
 "subtle",
 "zeroize",
]

[[package]]
name = "scoped-tls"
version = "1.0.1"
source = "registry+https://github.com/rust-lang/crates.io-index"
checksum = "e1cf6437eb19a8f4a6cc0f7dca544973b0b78843adbfeb3683d1a94a0024a294"

[[package]]
name = "scopeguard"
version = "1.1.0"
source = "registry+https://github.com/rust-lang/crates.io-index"
checksum = "d29ab0c6d3fc0ee92fe66e2d99f700eab17a8d57d1c1d3b748380fb20baa78cd"

[[package]]
name = "semver"
version = "1.0.17"
source = "registry+https://github.com/rust-lang/crates.io-index"
checksum = "bebd363326d05ec3e2f532ab7660680f3b02130d780c299bca73469d521bc0ed"

[[package]]
name = "serde"
version = "1.0.164"
source = "registry+https://github.com/rust-lang/crates.io-index"
checksum = "9e8c8cf938e98f769bc164923b06dce91cea1751522f46f8466461af04c9027d"
dependencies = [
 "serde_derive",
]

[[package]]
name = "serde-indexed"
version = "0.1.0"
source = "registry+https://github.com/rust-lang/crates.io-index"
checksum = "431fb604dab775c7bdabdab23b491ec773de085afd92b5dac26b8f3db5965f42"
dependencies = [
 "proc-macro2",
 "quote",
 "syn 1.0.109",
]

[[package]]
name = "serde_derive"
version = "1.0.164"
source = "registry+https://github.com/rust-lang/crates.io-index"
checksum = "d9735b638ccc51c28bf6914d90a2e9725b377144fc612c49a611fddd1b631d68"
dependencies = [
 "proc-macro2",
 "quote",
 "syn 2.0.18",
]

[[package]]
name = "serde_repr"
version = "0.1.12"
source = "registry+https://github.com/rust-lang/crates.io-index"
checksum = "bcec881020c684085e55a25f7fd888954d56609ef363479dc5a1305eb0d40cab"
dependencies = [
 "proc-macro2",
 "quote",
 "syn 2.0.18",
]

[[package]]
name = "sha-1"
version = "0.10.1"
source = "registry+https://github.com/rust-lang/crates.io-index"
checksum = "f5058ada175748e33390e40e872bd0fe59a19f265d0158daa551c5a88a76009c"
dependencies = [
 "cfg-if",
 "cpufeatures",
 "digest 0.10.7",
]

[[package]]
name = "sha2"
version = "0.9.9"
source = "registry+https://github.com/rust-lang/crates.io-index"
checksum = "4d58a1e1bf39749807d89cf2d98ac2dfa0ff1cb3faa38fbb64dd88ac8013d800"
dependencies = [
 "block-buffer 0.9.0",
 "cfg-if",
 "cpufeatures",
 "digest 0.9.0",
 "opaque-debug",
]

[[package]]
name = "sha2"
version = "0.10.7"
source = "registry+https://github.com/rust-lang/crates.io-index"
checksum = "479fb9d862239e610720565ca91403019f2f00410f1864c5aa7479b950a76ed8"
dependencies = [
 "cfg-if",
 "cpufeatures",
 "digest 0.10.7",
]

[[package]]
name = "sharded-slab"
version = "0.1.4"
source = "registry+https://github.com/rust-lang/crates.io-index"
checksum = "900fba806f70c630b0a382d0d825e17a0f19fcd059a2ade1ff237bcddf446b31"
dependencies = [
 "lazy_static",
]

[[package]]
name = "shlex"
version = "1.3.0"
source = "registry+https://github.com/rust-lang/crates.io-index"
checksum = "0fda2ff0d084019ba4d7c6f371c95d8fd75ce3524c3cb8fb653a3023f6323e64"

[[package]]
name = "signature"
version = "1.3.2"
source = "registry+https://github.com/rust-lang/crates.io-index"
checksum = "f2807892cfa58e081aa1f1111391c7a0649d4fa127a4ffbe34bcbfb35a1171a4"
dependencies = [
 "digest 0.9.0",
 "rand_core",
]

[[package]]
name = "signature"
version = "2.2.0"
source = "registry+https://github.com/rust-lang/crates.io-index"
checksum = "77549399552de45a898a580c1b41d445bf730df867cc44e6c0233bbc4b8329de"

[[package]]
name = "smallvec"
version = "1.10.0"
source = "registry+https://github.com/rust-lang/crates.io-index"
checksum = "a507befe795404456341dfab10cef66ead4c041f62b8b11bbb92bffe5d0953e0"

[[package]]
name = "spin"
version = "0.9.8"
source = "registry+https://github.com/rust-lang/crates.io-index"
checksum = "6980e8d7511241f8acf4aebddbb1ff938df5eebe98691418c4468d0b72a96a67"
dependencies = [
 "lock_api",
]

[[package]]
name = "stable_deref_trait"
version = "1.2.0"
source = "registry+https://github.com/rust-lang/crates.io-index"
checksum = "a8f112729512f8e442d81f95a8a7ddf2b7c6b8a1a6f509a95864142b30cab2d3"

[[package]]
name = "strsim"
version = "0.10.0"
source = "registry+https://github.com/rust-lang/crates.io-index"
checksum = "73473c0e59e6d5812c5dfe2a064a6444949f089e20eec9a2e5506596494e4623"

[[package]]
name = "subtle"
version = "2.5.0"
source = "registry+https://github.com/rust-lang/crates.io-index"
checksum = "81cdd64d312baedb58e21336b31bc043b77e01cc99033ce76ef539f78e965ebc"

[[package]]
name = "syn"
version = "1.0.109"
source = "registry+https://github.com/rust-lang/crates.io-index"
checksum = "72b64191b275b66ffe2469e8af2c1cfe3bafa67b529ead792a6d0160888b4237"
dependencies = [
 "proc-macro2",
 "quote",
 "unicode-ident",
]

[[package]]
name = "syn"
version = "2.0.18"
source = "registry+https://github.com/rust-lang/crates.io-index"
checksum = "32d41677bcbe24c20c52e7c70b0d8db04134c5d1066bf98662e2871ad200ea3e"
dependencies = [
 "proc-macro2",
 "quote",
 "unicode-ident",
]

[[package]]
name = "synstructure"
version = "0.12.6"
source = "registry+https://github.com/rust-lang/crates.io-index"
checksum = "f36bdaa60a83aca3921b5259d5400cbf5e90fc51931376a9bd4a0eb79aa7210f"
dependencies = [
 "proc-macro2",
 "quote",
 "syn 1.0.109",
 "unicode-xid",
]

[[package]]
name = "termcolor"
version = "1.2.0"
source = "registry+https://github.com/rust-lang/crates.io-index"
checksum = "be55cf8942feac5c765c2c993422806843c9a9a45d4d5c407ad6dd2ea95eb9b6"
dependencies = [
 "winapi-util",
]

[[package]]
name = "textwrap"
version = "0.16.0"
source = "registry+https://github.com/rust-lang/crates.io-index"
checksum = "222a222a5bfe1bba4a77b45ec488a741b3cb8872e5e499451fd7d0129c9c7c3d"

[[package]]
name = "thread_local"
version = "1.1.7"
source = "registry+https://github.com/rust-lang/crates.io-index"
checksum = "3fdd6f064ccff2d6567adcb3873ca630700f00b5ad3f060c25b5dcfd9a4ce152"
dependencies = [
 "cfg-if",
 "once_cell",
]

[[package]]
name = "tracing"
version = "0.1.37"
source = "registry+https://github.com/rust-lang/crates.io-index"
checksum = "8ce8c33a8d48bd45d624a6e523445fd21ec13d3653cd51f681abf67418f54eb8"
dependencies = [
 "cfg-if",
 "pin-project-lite",
 "tracing-attributes",
 "tracing-core",
]

[[package]]
name = "tracing-attributes"
version = "0.1.25"
source = "registry+https://github.com/rust-lang/crates.io-index"
checksum = "8803eee176538f94ae9a14b55b2804eb7e1441f8210b1c31290b3bccdccff73b"
dependencies = [
 "proc-macro2",
 "quote",
 "syn 2.0.18",
]

[[package]]
name = "tracing-core"
version = "0.1.31"
source = "registry+https://github.com/rust-lang/crates.io-index"
checksum = "0955b8137a1df6f1a2e9a37d8a6656291ff0297c1a97c24e0d8425fe2312f79a"
dependencies = [
 "once_cell",
 "valuable",
]

[[package]]
name = "tracing-log"
version = "0.1.3"
source = "registry+https://github.com/rust-lang/crates.io-index"
checksum = "78ddad33d2d10b1ed7eb9d1f518a5674713876e97e5bb9b7345a7984fbb4f922"
dependencies = [
 "lazy_static",
 "log",
 "tracing-core",
]

[[package]]
name = "tracing-subscriber"
version = "0.3.17"
source = "registry+https://github.com/rust-lang/crates.io-index"
checksum = "30a651bc37f915e81f087d86e62a18eec5f79550c7faff886f7090b4ea757c77"
dependencies = [
 "matchers",
 "nu-ansi-term",
 "once_cell",
 "regex",
 "sharded-slab",
 "smallvec",
 "thread_local",
 "tracing",
 "tracing-core",
 "tracing-log",
]

[[package]]
name = "trussed"
version = "0.1.0"
source = "git+https://github.com/trussed-dev/trussed.git?rev=024e0eca5fb7dbd2457831f7c7bffe4341e08775#024e0eca5fb7dbd2457831f7c7bffe4341e08775"
dependencies = [
 "aes",
 "bitflags 2.6.0",
 "cbc",
 "cbor-smol",
 "cfg-if",
 "chacha20",
 "chacha20poly1305",
 "cosey",
 "delog",
 "des",
 "flexiber",
 "generic-array",
 "heapless",
 "heapless-bytes",
 "hex-literal",
 "hmac 0.12.1",
 "interchange",
 "littlefs2",
 "littlefs2-core",
 "nb",
 "p256-cortex-m4",
 "postcard",
 "rand_chacha",
 "rand_core",
 "salty",
 "serde",
 "sha-1",
 "sha2 0.10.7",
 "trussed-core",
 "zeroize",
]

[[package]]
name = "trussed-core"
version = "0.1.0"
source = "registry+https://github.com/rust-lang/crates.io-index"
checksum = "afddad280ae8a5235e1b06408cca909ce9454cdd89f941b94b024c580732b3ce"
dependencies = [
 "heapless-bytes",
 "littlefs2-core",
 "postcard",
 "rand_core",
 "serde",
 "serde-indexed",
]

[[package]]
name = "trussed-usbip"
version = "0.0.1"
dependencies = [
 "apdu-dispatch",
 "clap",
 "clap-num",
 "ctaphid-dispatch",
 "delog",
 "heapless-bytes",
 "interchange",
 "littlefs2",
 "littlefs2-core",
 "log",
 "pretty_env_logger",
 "rand_chacha",
 "rand_core",
 "trussed",
 "usb-device",
 "usbd-ccid",
 "usbd-ctaphid",
 "usbip-device",
]

[[package]]
name = "typenum"
version = "1.16.0"
source = "registry+https://github.com/rust-lang/crates.io-index"
checksum = "497961ef93d974e23eb6f433eb5fe1b7930b659f06d12dec6fc44a8f554c0bba"

[[package]]
name = "unicode-ident"
version = "1.0.9"
source = "registry+https://github.com/rust-lang/crates.io-index"
checksum = "b15811caf2415fb889178633e7724bad2509101cde276048e013b9def5e51fa0"

[[package]]
name = "unicode-xid"
version = "0.2.4"
source = "registry+https://github.com/rust-lang/crates.io-index"
checksum = "f962df74c8c05a667b5ee8bcf162993134c104e96440b663c8daa176dc772d8c"

[[package]]
name = "universal-hash"
version = "0.5.1"
source = "registry+https://github.com/rust-lang/crates.io-index"
checksum = "fc1de2c688dc15305988b563c3854064043356019f97a4b46276fe734c4f07ea"
dependencies = [
 "crypto-common",
 "subtle",
]

[[package]]
name = "usb-device"
version = "0.2.9"
source = "registry+https://github.com/rust-lang/crates.io-index"
checksum = "1f6cc3adc849b5292b4075fc0d5fdcf2f24866e88e336dd27a8943090a520508"

[[package]]
name = "usbd-ccid"
version = "0.3.0"
source = "registry+https://github.com/rust-lang/crates.io-index"
checksum = "403fefa622483869d1b36f2accd7458291202c18aa2f2e5147caf638825dde0c"
dependencies = [
 "delog",
 "embedded-time",
 "heapless",
 "interchange",
 "iso7816",
 "usb-device",
]

[[package]]
name = "usbd-ctaphid"
version = "0.2.0"
source = "registry+https://github.com/rust-lang/crates.io-index"
checksum = "092fad7bf817001ecade9272fe6ccbea4e5d0c02f99ca24c4c5ce97fbbff5371"
dependencies = [
 "ctaphid-dispatch",
 "delog",
 "embedded-time",
 "heapless-bytes",
 "interchange",
 "ref-swap",
 "serde",
 "trussed-core",
 "usb-device",
]

[[package]]
name = "usbip-device"
version = "0.1.5"
source = "registry+https://github.com/rust-lang/crates.io-index"
checksum = "2e7a0b57d68d666cc85d8bfe8a32fb4196e8eb89b611658a0624af6428e7a2fd"
dependencies = [
 "bitflags 1.3.2",
 "log",
 "usb-device",
]

[[package]]
name = "valuable"
version = "0.1.0"
source = "registry+https://github.com/rust-lang/crates.io-index"
checksum = "830b7e5d4d90034032940e4ace0d9a9a057e7a45cd94e6c007832e39edb82f6d"

[[package]]
name = "version_check"
version = "0.9.4"
source = "registry+https://github.com/rust-lang/crates.io-index"
checksum = "49874b5167b65d7193b8aba1567f5c7d93d001cafc34600cee003eda787e483f"

[[package]]
name = "wasi"
version = "0.11.0+wasi-snapshot-preview1"
source = "registry+https://github.com/rust-lang/crates.io-index"
checksum = "9c8d87e72b64a3b4db28d11ce29237c246188f4f51057d65a7eab63b7987e423"

[[package]]
name = "winapi"
version = "0.3.9"
source = "registry+https://github.com/rust-lang/crates.io-index"
checksum = "5c839a674fcd7a98952e593242ea400abe93992746761e38641405d28b00f419"
dependencies = [
 "winapi-i686-pc-windows-gnu",
 "winapi-x86_64-pc-windows-gnu",
]

[[package]]
name = "winapi-i686-pc-windows-gnu"
version = "0.4.0"
source = "registry+https://github.com/rust-lang/crates.io-index"
checksum = "ac3b87c63620426dd9b991e5ce0329eff545bccbbb34f3be09ff6fb6ab51b7b6"

[[package]]
name = "winapi-util"
version = "0.1.5"
source = "registry+https://github.com/rust-lang/crates.io-index"
checksum = "70ec6ce85bb158151cae5e5c87f95a8e97d2c0c4b001223f33a334e3ce5de178"
dependencies = [
 "winapi",
]

[[package]]
name = "winapi-x86_64-pc-windows-gnu"
version = "0.4.0"
source = "registry+https://github.com/rust-lang/crates.io-index"
checksum = "712e227841d057c1ee1cd2fb22fa7e5a5461ae8e48fa2ca79ec42cfc1931183f"

[[package]]
name = "windows"
version = "0.48.0"
source = "registry+https://github.com/rust-lang/crates.io-index"
checksum = "e686886bc078bc1b0b600cac0147aadb815089b6e4da64016cbd754b6342700f"
dependencies = [
 "windows-targets",
]

[[package]]
name = "windows-targets"
version = "0.48.0"
source = "registry+https://github.com/rust-lang/crates.io-index"
checksum = "7b1eb6f0cd7c80c79759c929114ef071b87354ce476d9d94271031c0497adfd5"
dependencies = [
 "windows_aarch64_gnullvm",
 "windows_aarch64_msvc",
 "windows_i686_gnu",
 "windows_i686_msvc",
 "windows_x86_64_gnu",
 "windows_x86_64_gnullvm",
 "windows_x86_64_msvc",
]

[[package]]
name = "windows_aarch64_gnullvm"
version = "0.48.0"
source = "registry+https://github.com/rust-lang/crates.io-index"
checksum = "91ae572e1b79dba883e0d315474df7305d12f569b400fcf90581b06062f7e1bc"

[[package]]
name = "windows_aarch64_msvc"
version = "0.48.0"
source = "registry+https://github.com/rust-lang/crates.io-index"
checksum = "b2ef27e0d7bdfcfc7b868b317c1d32c641a6fe4629c171b8928c7b08d98d7cf3"

[[package]]
name = "windows_i686_gnu"
version = "0.48.0"
source = "registry+https://github.com/rust-lang/crates.io-index"
checksum = "622a1962a7db830d6fd0a69683c80a18fda201879f0f447f065a3b7467daa241"

[[package]]
name = "windows_i686_msvc"
version = "0.48.0"
source = "registry+https://github.com/rust-lang/crates.io-index"
checksum = "4542c6e364ce21bf45d69fdd2a8e455fa38d316158cfd43b3ac1c5b1b19f8e00"

[[package]]
name = "windows_x86_64_gnu"
version = "0.48.0"
source = "registry+https://github.com/rust-lang/crates.io-index"
checksum = "ca2b8a661f7628cbd23440e50b05d705db3686f894fc9580820623656af974b1"

[[package]]
name = "windows_x86_64_gnullvm"
version = "0.48.0"
source = "registry+https://github.com/rust-lang/crates.io-index"
checksum = "7896dbc1f41e08872e9d5e8f8baa8fdd2677f29468c4e156210174edc7f7b953"

[[package]]
name = "windows_x86_64_msvc"
version = "0.48.0"
source = "registry+https://github.com/rust-lang/crates.io-index"
checksum = "1a515f5799fe4961cb532f983ce2b23082366b898e52ffbce459c86f67c8378a"

[[package]]
name = "zeroize"
version = "1.6.0"
source = "registry+https://github.com/rust-lang/crates.io-index"
checksum = "2a0956f1ba7c7909bfb66c2e9e4124ab6f6482560f6628b5aaeba39207c9aad9"
dependencies = [
 "zeroize_derive",
]

[[package]]
name = "zeroize_derive"
version = "1.4.2"
source = "registry+https://github.com/rust-lang/crates.io-index"
checksum = "ce36e65b0d2999d2aafac989fb249189a141aee1f53c612c1f37d72631959f69"
dependencies = [
 "proc-macro2",
 "quote",
 "syn 2.0.18",
]
